{
  "name": "testlinktools",
  "version": "1.0.0",
  "lockfileVersion": 1,
  "requires": true,
  "dependencies": {
    "objtree": {
      "version": "0.1.24",
      "resolved": "https://registry.npmjs.org/objtree/-/objtree-0.1.24.tgz",
      "integrity": "sha1-PWmJzcVrY9frTlHkPCBzs2Nwal0=",
      "requires": {
        "underscore": "1.9.1",
        "xmldom": "0.1.27"
      }
    },
    "underscore": {
      "version": "1.9.1",
      "resolved": "https://registry.npmjs.org/underscore/-/underscore-1.9.1.tgz",
      "integrity": "sha512-5/4etnCkd9c8gwgowi5/om/mYO5ajCaOgdzj/oW+0eQV9WxKBDZw5+ycmKmeaTXjInS/W0BzpGLo2xR2aBwZdg=="
    },
    "xmldom": {
      "version": "0.1.27",
      "resolved": "https://registry.npmjs.org/xmldom/-/xmldom-0.1.27.tgz",
      "integrity": "sha1-1QH5ezvbQDr4757MIFcxh6rawOk="
    }
  }
}
